
Microsoft Visual Studio Solution File, Format Version 12.00
# Visual Studio 15
VisualStudioVersion = 15.0.28010.2036
MinimumVisualStudioVersion = 10.0.40219.1
Project("{9A19103F-16F7-4668-BE54-9A1E7A4F7556}") = "HttpClientFactory", "src\HttpClientFactory.csproj", "{FB80EC43-8BA6-4E96-BB3C-7BE2C1099379}"
EndProject
Global
	GlobalSection(SolutionConfigurationPlatforms) = preSolution
		Debug|Any CPU = Debug|Any CPU
		Release|Any CPU = Release|Any CPU
	EndGlobalSection
	GlobalSection(ProjectConfigurationPlatforms) = postSolution
		{FB80EC43-8BA6-4E96-BB3C-7BE2C1099379}.Debug|Any CPU.ActiveCfg = Debug|Any CPU
		{FB80EC43-8BA6-4E96-BB3C-7BE2C1099379}.Debug|Any CPU.Build.0 = Debug|Any CPU
		{FB80EC43-8BA6-4E96-BB3C-7BE2C1099379}.Release|Any CPU.ActiveCfg = Release|Any CPU
		{FB80EC43-8BA6-4E96-BB3C-7BE2C1099379}.Release|Any CPU.Build.0 = Release|Any CPU
	EndGlobalSection
	GlobalSection(SolutionProperties) = preSolution
		HideSolutionNode = FALSE
	EndGlobalSection
	GlobalSection(ExtensibilityGlobals) = postSolution
		SolutionGuid = {63290D6C-6199-485E-85D9-48D76C04B80F}
	EndGlobalSection
EndGlobal
